// !$*UTF8*$!
{
	archiveVersion = 1;
	classes = {
	};
	objectVersion = 50;
	objects = {

/* Begin PBXBuildFile section */
		4AF06D7D251DA854002C0455 /* AppDelegate.swift in Sources */ = {isa = PBXBuildFile; fileRef = 4AF06D7C251DA854002C0455 /* AppDelegate.swift */; };
		4AF06D7F251DA854002C0455 /* SceneDelegate.swift in Sources */ = {isa = PBXBuildFile; fileRef = 4AF06D7E251DA854002C0455 /* SceneDelegate.swift */; };
		4AF06D81251DA854002C0455 /* ViewController.swift in Sources */ = {isa = PBXBuildFile; fileRef = 4AF06D80251DA854002C0455 /* ViewController.swift */; };
		4AF06D84251DA854002C0455 /* Main.storyboard in Resources */ = {isa = PBXBuildFile; fileRef = 4AF06D82251DA854002C0455 /* Main.storyboard */; };
		4AF06D86251DA857002C0455 /* Assets.xcassets in Resources */ = {isa = PBXBuildFile; fileRef = 4AF06D85251DA857002C0455 /* Assets.xcassets */; };
		4AF06D89251DA857002C0455 /* LaunchScreen.storyboard in Resources */ = {isa = PBXBuildFile; fileRef = 4AF06D87251DA857002C0455 /* LaunchScreen.storyboard */; };
		4AF06D94251DA857002C0455 /* FlixTests.swift in Sources */ = {isa = PBXBuildFile; fileRef = 4AF06D93251DA857002C0455 /* FlixTests.swift */; };
		4AF06D9F251DA857002C0455 /* FlixUITests.swift in Sources */ = {isa = PBXBuildFile; fileRef = 4AF06D9E251DA857002C0455 /* FlixUITests.swift */; };
/* End PBXBuildFile section */

/* Begin PBXContainerItemProxy section */
		4AF06D90251DA857002C0455 /* PBXContainerItemProxy */ = {
			isa = PBXContainerItemProxy;
			containerPortal = 4AF06D71251DA853002C0455 /* Project object */;
			proxyType = 1;
			remoteGlobalIDString = 4AF06D78251DA853002C0455;
			remoteInfo = Flix;
		};
		4AF06D9B251DA857002C0455 /* PBXContainerItemProxy */ = {
			isa = PBXContainerItemProxy;
			containerPortal = 4AF06D71251DA853002C0455 /* Project object */;
			proxyType = 1;
			remoteGlobalIDString = 4AF06D78251DA853002C0455;
			remoteInfo = Flix;
		};
/* End PBXContainerItemProxy section */

/* Begin PBXFileReference section */
		4AF06D79251DA854002C0455 /* Flix.app */ = {isa = PBXFileReference; explicitFileType = wrapper.application; includeInIndex = 0; path = Flix.app; sourceTree = BUILT_PRODUCTS_DIR; };
		4AF06D7C251DA854002C0455 /* AppDelegate.swift */ = {isa = PBXFileReference; lastKnownFileType = sourcecode.swift; path = AppDelegate.swift; sourceTree = "<group>"; };
		4AF06D7E251DA854002C0455 /* SceneDelegate.swift */ = {isa = PBXFileReference; lastKnownFileType = sourcecode.swift; path = SceneDelegate.swift; sourceTree = "<group>"; };
		4AF06D80251DA854002C0455 /* ViewController.swift */ = {isa = PBXFileReference; lastKnownFileType = sourcecode.swift; path = ViewController.swift; sourceTree = "<group>"; };
		4AF06D83251DA854002C0455 /* Base */ = {isa = PBXFileReference; lastKnownFileType = file.storyboard; name = Base; path = Base.lproj/Main.storyboard; sourceTree = "<group>"; };
		4AF06D85251DA857002C0455 /* Assets.xcassets */ = {isa = PBXFileReference; lastKnownFileType = folder.assetcatalog; path = Assets.xcassets; sourceTree = "<group>"; };
		4AF06D88251DA857002C0455 /* Base */ = {isa = PBXFileReference; lastKnownFileType = file.storyboard; name = Base; path = Base.lproj/LaunchScreen.storyboard; sourceTree = "<group>"; };
		4AF06D8A251DA857002C0455 /* Info.plist */ = {isa = PBXFileReference; lastKnownFileType = text.plist.xml; path = Info.plist; sourceTree = "<group>"; };
		4AF06D8F251DA857002C0455 /* FlixTests.xctest */ = {isa = PBXFileReference; explicitFileType = wrapper.cfbundle; includeInIndex = 0; path = FlixTests.xctest; sourceTree = BUILT_PRODUCTS_DIR; };
		4AF06D93251DA857002C0455 /* FlixTests.swift */ = {isa = PBXFileReference; lastKnownFileType = sourcecode.swift; path = FlixTests.swift; sourceTree = "<group>"; };
		4AF06D95251DA857002C0455 /* Info.plist */ = {isa = PBXFileReference; lastKnownFileType = text.plist.xml; path = Info.plist; sourceTree = "<group>"; };
		4AF06D9A251DA857002C0455 /* FlixUITests.xctest */ = {isa = PBXFileReference; explicitFileType = wrapper.cfbundle; includeInIndex = 0; path = FlixUITests.xctest; sourceTree = BUILT_PRODUCTS_DIR; };
		4AF06D9E251DA857002C0455 /* FlixUITests.swift */ = {isa = PBXFileReference; lastKnownFileType = sourcecode.swift; path = FlixUITests.swift; sourceTree = "<group>"; };
		4AF06DA0251DA857002C0455 /* Info.plist */ = {isa = PBXFileReference; lastKnownFileType = text.plist.xml; path = Info.plist; sourceTree = "<group>"; };
/* End PBXFileReference section */

/* Begin PBXFrameworksBuildPhase section */
		4AF06D76251DA853002C0455 /* Frameworks */ = {
			isa = PBXFrameworksBuildPhase;
			buildActionMask = 2147483647;
			files = (
			);
			runOnlyForDeploymentPostprocessing = 0;
		};
		4AF06D8C251DA857002C0455 /* Frameworks */ = {
			isa = PBXFrameworksBuildPhase;
			buildActionMask = 2147483647;
			files = (
			);
			runOnlyForDeploymentPostprocessing = 0;
		};
		4AF06D97251DA857002C0455 /* Frameworks */ = {
			isa = PBXFrameworksBuildPhase;
			buildActionMask = 2147483647;
			files = (
			);
			runOnlyForDeploymentPostprocessing = 0;
		};
/* End PBXFrameworksBuildPhase section */

/* Begin PBXGroup section */
		4AF06D70251DA853002C0455 = {
			isa = PBXGroup;
			children = (
				4AF06D7B251DA854002C0455 /* Flix */,
				4AF06D92251DA857002C0455 /* FlixTests */,
				4AF06D9D251DA857002C0455 /* FlixUITests */,
				4AF06D7A251DA854002C0455 /* Products */,
			);
			sourceTree = "<group>";
		};
		4AF06D7A251DA854002C0455 /* Products */ = {
			isa = PBXGroup;
			children = (
				4AF06D79251DA854002C0455 /* Flix.app */,
				4AF06D8F251DA857002C0455 /* FlixTests.xctest */,
				4AF06D9A251DA857002C0455 /* FlixUITests.xctest */,
			);
			name = Products;
			sourceTree = "<group>";
		};
		4AF06D7B251DA854002C0455 /* Flix */ = {
			isa = PBXGroup;
			children = (
				4AF06D7C251DA854002C0455 /* AppDelegate.swift */,
				4AF06D7E251DA854002C0455 /* SceneDelegate.swift */,
				4AF06D80251DA854002C0455 /* ViewController.swift */,
				4AF06D82251DA854002C0455 /* Main.storyboard */,
				4AF06D85251DA857002C0455 /* Assets.xcassets */,
				4AF06D87251DA857002C0455 /* LaunchScreen.storyboard */,
				4AF06D8A251DA857002C0455 /* Info.plist */,
			);
			path = Flix;
			sourceTree = "<group>";
		};
		4AF06D92251DA857002C0455 /* FlixTests */ = {
			isa = PBXGroup;
			children = (
				4AF06D93251DA857002C0455 /* FlixTests.swift */,
				4AF06D95251DA857002C0455 /* Info.plist */,
			);
			path = FlixTests;
			sourceTree = "<group>";
		};
		4AF06D9D251DA857002C0455 /* FlixUITests */ = {
			isa = PBXGroup;
			children = (
				4AF06D9E251DA857002C0455 /* FlixUITests.swift */,
				4AF06DA0251DA857002C0455 /* Info.plist */,
			);
			path = FlixUITests;
			sourceTree = "<group>";
		};
/* End PBXGroup section */

/* Begin PBXNativeTarget section */
		4AF06D78251DA853002C0455 /* Flix */ = {
			isa = PBXNativeTarget;
			buildConfigurationList = 4AF06DA3251DA857002C0455 /* Build configuration list for PBXNativeTarget "Flix" */;
			buildPhases = (
				4AF06D75251DA853002C0455 /* Sources */,
				4AF06D76251DA853002C0455 /* Frameworks */,
				4AF06D77251DA853002C0455 /* Resources */,
			);
			buildRules = (
			);
			dependencies = (
			);
			name = Flix;
			productName = Flix;
			productReference = 4AF06D79251DA854002C0455 /* Flix.app */;
			productType = "com.apple.product-type.application";
		};
		4AF06D8E251DA857002C0455 /* FlixTests */ = {
			isa = PBXNativeTarget;
			buildConfigurationList = 4AF06DA6251DA857002C0455 /* Build configuration list for PBXNativeTarget "FlixTests" */;
			buildPhases = (
				4AF06D8B251DA857002C0455 /* Sources */,
				4AF06D8C251DA857002C0455 /* Frameworks */,
				4AF06D8D251DA857002C0455 /* Resources */,
			);
			buildRules = (
			);
			dependencies = (
				4AF06D91251DA857002C0455 /* PBXTargetDependency */,
			);
			name = FlixTests;
			productName = FlixTests;
			productReference = 4AF06D8F251DA857002C0455 /* FlixTests.xctest */;
			productType = "com.apple.product-type.bundle.unit-test";
		};
		4AF06D99251DA857002C0455 /* FlixUITests */ = {
			isa = PBXNativeTarget;
			buildConfigurationList = 4AF06DA9251DA857002C0455 /* Build configuration list for PBXNativeTarget "FlixUITests" */;
			buildPhases = (
				4AF06D96251DA857002C0455 /* Sources */,
				4AF06D97251DA857002C0455 /* Frameworks */,
				4AF06D98251DA857002C0455 /* Resources */,
			);
			buildRules = (
			);
			dependencies = (
				4AF06D9C251DA857002C0455 /* PBXTargetDependency */,
			);
			name = FlixUITests;
			productName = FlixUITests;
			productReference = 4AF06D9A251DA857002C0455 /* FlixUITests.xctest */;
			productType = "com.apple.product-type.bundle.ui-testing";
		};
/* End PBXNativeTarget section */

/* Begin PBXProject section */
		4AF06D71251DA853002C0455 /* Project object */ = {
			isa = PBXProject;
			attributes = {
				LastSwiftUpdateCheck = 1200;
				LastUpgradeCheck = 1200;
				TargetAttributes = {
					4AF06D78251DA853002C0455 = {
						CreatedOnToolsVersion = 12.0;
					};
					4AF06D8E251DA857002C0455 = {
						CreatedOnToolsVersion = 12.0;
						TestTargetID = 4AF06D78251DA853002C0455;
					};
					4AF06D99251DA857002C0455 = {
						CreatedOnToolsVersion = 12.0;
						TestTargetID = 4AF06D78251DA853002C0455;
					};
				};
			};
			buildConfigurationList = 4AF06D74251DA853002C0455 /* Build configuration list for PBXProject "Flix" */;
			compatibilityVersion = "Xcode 9.3";
			developmentRegion = en;
			hasScannedForEncodings = 0;
			knownRegions = (
				en,
				Base,
			);
			mainGroup = 4AF06D70251DA853002C0455;
			productRefGroup = 4AF06D7A251DA854002C0455 /* Products */;
			projectDirPath = "";
			projectRoot = "";
			targets = (
				4AF06D78251DA853002C0455 /* Flix */,
				4AF06D8E251DA857002C0455 /* FlixTests */,
				4AF06D99251DA857002C0455 /* FlixUITests */,
			);
		};
/* End PBXProject section */

/* Begin PBXResourcesBuildPhase section */
		4AF06D77251DA853002C0455 /* Resources */ = {
			isa = PBXResourcesBuildPhase;
			buildActionMask = 2147483647;
			files = (
				4AF06D89251DA857002C0455 /* LaunchScreen.storyboard in Resources */,
				4AF06D86251DA857002C0455 /* Assets.xcassets in Resources */,
				4AF06D84251DA854002C0455 /* Main.storyboard in Resources */,
			);
			runOnlyForDeploymentPostprocessing = 0;
		};
		4AF06D8D251DA857002C0455 /* Resources */ = {
			isa = PBXResourcesBuildPhase;
			buildActionMask = 2147483647;
			files = (
			);
			runOnlyForDeploymentPostprocessing = 0;
		};
		4AF06D98251DA857002C0455 /* Resources */ = {
			isa = PBXResourcesBuildPhase;
			buildActionMask = 2147483647;
			files = (
			);
			runOnlyForDeploymentPostprocessing = 0;
		};
/* End PBXResourcesBuildPhase section */

/* Begin PBXSourcesBuildPhase section */
		4AF06D75251DA853002C0455 /* Sources */ = {
			isa = PBXSourcesBuildPhase;
			buildActionMask = 2147483647;
			files = (
				4AF06D81251DA854002C0455 /* ViewController.swift in Sources */,
				4AF06D7D251DA854002C0455 /* AppDelegate.swift in Sources */,
				4AF06D7F251DA854002C0455 /* SceneDelegate.swift in Sources */,
			);
			runOnlyForDeploymentPostprocessing = 0;
		};
		4AF06D8B251DA857002C0455 /* Sources */ = {
			isa = PBXSourcesBuildPhase;
			buildActionMask = 2147483647;
			files = (
				4AF06D94251DA857002C0455 /* FlixTests.swift in Sources */,
			);
			runOnlyForDeploymentPostprocessing = 0;
		};
		4AF06D96251DA857002C0455 /* Sources */ = {
			isa = PBXSourcesBuildPhase;
			buildActionMask = 2147483647;
			files = (
				4AF06D9F251DA857002C0455 /* FlixUITests.swift in Sources */,
			);
			runOnlyForDeploymentPostprocessing = 0;
		};
/* End PBXSourcesBuildPhase section */

/* Begin PBXTargetDependency section */
		4AF06D91251DA857002C0455 /* PBXTargetDependency */ = {
			isa = PBXTargetDependency;
			target = 4AF06D78251DA853002C0455 /* Flix */;
			targetProxy = 4AF06D90251DA857002C0455 /* PBXContainerItemProxy */;
		};
		4AF06D9C251DA857002C0455 /* PBXTargetDependency */ = {
			isa = PBXTargetDependency;
			target = 4AF06D78251DA853002C0455 /* Flix */;
			targetProxy = 4AF06D9B251DA857002C0455 /* PBXContainerItemProxy */;
		};
/* End PBXTargetDependency section */

/* Begin PBXVariantGroup section */
		4AF06D82251DA854002C0455 /* Main.storyboard */ = {
			isa = PBXVariantGroup;
			children = (
				4AF06D83251DA854002C0455 /* Base */,
			);
			name = Main.storyboard;
			sourceTree = "<group>";
		};
		4AF06D87251DA857002C0455 /* LaunchScreen.storyboard */ = {
			isa = PBXVariantGroup;
			children = (
				4AF06D88251DA857002C0455 /* Base */,
			);
			name = LaunchScreen.storyboard;
			sourceTree = "<group>";
		};
/* End PBXVariantGroup section */

/* Begin XCBuildConfiguration section */
		4AF06DA1251DA857002C0455 /* Debug */ = {
			isa = XCBuildConfiguration;
			buildSettings = {
				ALWAYS_SEARCH_USER_PATHS = NO;
				CLANG_ANALYZER_NONNULL = YES;
				CLANG_ANALYZER_NUMBER_OBJECT_CONVERSION = YES_AGGRESSIVE;
				CLANG_CXX_LANGUAGE_STANDARD = "gnu++14";
				CLANG_CXX_LIBRARY = "libc++";
				CLANG_ENABLE_MODULES = YES;
				CLANG_ENABLE_OBJC_ARC = YES;
				CLANG_ENABLE_OBJC_WEAK = YES;
				CLANG_WARN_BLOCK_CAPTURE_AUTORELEASING = YES;
				CLANG_WARN_BOOL_CONVERSION = YES;
				CLANG_WARN_COMMA = YES;
				CLANG_WARN_CONSTANT_CONVERSION = YES;
				CLANG_WARN_DEPRECATED_OBJC_IMPLEMENTATIONS = YES;
				CLANG_WARN_DIRECT_OBJC_ISA_USAGE = YES_ERROR;
				CLANG_WARN_DOCUMENTATION_COMMENTS = YES;
				CLANG_WARN_EMPTY_BODY = YES;
				CLANG_WARN_ENUM_CONVERSION = YES;
				CLANG_WARN_INFINITE_RECURSION = YES;
				CLANG_WARN_INT_CONVERSION = YES;
				CLANG_WARN_NON_LITERAL_NULL_CONVERSION = YES;
				CLANG_WARN_OBJC_IMPLICIT_RETAIN_SELF = YES;
				CLANG_WARN_OBJC_LITERAL_CONVERSION = YES;
				CLANG_WARN_OBJC_ROOT_CLASS = YES_ERROR;
				CLANG_WARN_QUOTED_INCLUDE_IN_FRAMEWORK_HEADER = YES;
				CLANG_WARN_RANGE_LOOP_ANALYSIS = YES;
				CLANG_WARN_STRICT_PROTOTYPES = YES;
				CLANG_WARN_SUSPICIOUS_MOVE = YES;
				CLANG_WARN_UNGUARDED_AVAILABILITY = YES_AGGRESSIVE;
				CLANG_WARN_UNREACHABLE_CODE = YES;
				CLANG_WARN__DUPLICATE_METHOD_MATCH = YES;
				COPY_PHASE_STRIP = NO;
				DEBUG_INFORMATION_FORMAT = dwarf;
				ENABLE_STRICT_OBJC_MSGSEND = YES;
				ENABLE_TESTABILITY = YES;
				GCC_C_LANGUAGE_STANDARD = gnu11;
				GCC_DYNAMIC_NO_PIC = NO;
				GCC_NO_COMMON_BLOCKS = YES;
				GCC_OPTIMIZATION_LEVEL = 0;
				GCC_PREPROCESSOR_DEFINITIONS = (
					"DEBUG=1",
					"$(inherited)",
				);
				GCC_WARN_64_TO_32_BIT_CONVERSION = YES;
				GCC_WARN_ABOUT_RETURN_TYPE = YES_ERROR;
				GCC_WARN_UNDECLARED_SELECTOR = YES;
				GCC_WARN_UNINITIALIZED_AUTOS = YES_AGGRESSIVE;
				GCC_WARN_UNUSED_FUNCTION = YES;
				GCC_WARN_UNUSED_VARIABLE = YES;
				IPHONEOS_DEPLOYMENT_TARGET = 14.0;
				MTL_ENABLE_DEBUG_INFO = INCLUDE_SOURCE;
				MTL_FAST_MATH = YES;
				ONLY_ACTIVE_ARCH = YES;
				SDKROOT = iphoneos;
				SWIFT_ACTIVE_COMPILATION_CONDITIONS = DEBUG;
				SWIFT_OPTIMIZATION_LEVEL = "-Onone";
			};
			name = Debug;
		};
		4AF06DA2251DA857002C0455 /* Release */ = {
			isa = XCBuildConfiguration;
			buildSettings = {
				ALWAYS_SEARCH_USER_PATHS = NO;
				CLANG_ANALYZER_NONNULL = YES;
				CLANG_ANALYZER_NUMBER_OBJECT_CONVERSION = YES_AGGRESSIVE;
				CLANG_CXX_LANGUAGE_STANDARD = "gnu++14";
				CLANG_CXX_LIBRARY = "libc++";
				CLANG_ENABLE_MODULES = YES;
				CLANG_ENABLE_OBJC_ARC = YES;
				CLANG_ENABLE_OBJC_WEAK = YES;
				CLANG_WARN_BLOCK_CAPTURE_AUTORELEASING = YES;
				CLANG_WARN_BOOL_CONVERSION = YES;
				CLANG_WARN_COMMA = YES;
				CLANG_WARN_CONSTANT_CONVERSION = YES;
				CLANG_WARN_DEPRECATED_OBJC_IMPLEMENTATIONS = YES;
				CLANG_WARN_DIRECT_OBJC_ISA_USAGE = YES_ERROR;
				CLANG_WARN_DOCUMENTATION_COMMENTS = YES;
				CLANG_WARN_EMPTY_BODY = YES;
				CLANG_WARN_ENUM_CONVERSION = YES;
				CLANG_WARN_INFINITE_RECURSION = YES;
				CLANG_WARN_INT_CONVERSION = YES;
				CLANG_WARN_NON_LITERAL_NULL_CONVERSION = YES;
				CLANG_WARN_OBJC_IMPLICIT_RETAIN_SELF = YES;
				CLANG_WARN_OBJC_LITERAL_CONVERSION = YES;
				CLANG_WARN_OBJC_ROOT_CLASS = YES_ERROR;
				CLANG_WARN_QUOTED_INCLUDE_IN_FRAMEWORK_HEADER = YES;
				CLANG_WARN_RANGE_LOOP_ANALYSIS = YES;
				CLANG_WARN_STRICT_PROTOTYPES = YES;
				CLANG_WARN_SUSPICIOUS_MOVE = YES;
				CLANG_WARN_UNGUARDED_AVAILABILITY = YES_AGGRESSIVE;
				CLANG_WARN_UNREACHABLE_CODE = YES;
				CLANG_WARN__DUPLICATE_METHOD_MATCH = YES;
				COPY_PHASE_STRIP = NO;
				DEBUG_INFORMATION_FORMAT = "dwarf-with-dsym";
				ENABLE_NS_ASSERTIONS = NO;
				ENABLE_STRICT_OBJC_MSGSEND = YES;
				GCC_C_LANGUAGE_STANDARD = gnu11;
				GCC_NO_COMMON_BLOCKS = YES;
				GCC_WARN_64_TO_32_BIT_CONVERSION = YES;
				GCC_WARN_ABOUT_RETURN_TYPE = YES_ERROR;
				GCC_WARN_UNDECLARED_SELECTOR = YES;
				GCC_WARN_UNINITIALIZED_AUTOS = YES_AGGRESSIVE;
				GCC_WARN_UNUSED_FUNCTION = YES;
				GCC_WARN_UNUSED_VARIABLE = YES;
				IPHONEOS_DEPLOYMENT_TARGET = 14.0;
				MTL_ENABLE_DEBUG_INFO = NO;
				MTL_FAST_MATH = YES;
				SDKROOT = iphoneos;
				SWIFT_COMPILATION_MODE = wholemodule;
				SWIFT_OPTIMIZATION_LEVEL = "-O";
				VALIDATE_PRODUCT = YES;
			};
			name = Release;
		};
		4AF06DA4251DA857002C0455 /* Debug */ = {
			isa = XCBuildConfiguration;
			buildSettings = {
				ASSETCATALOG_COMPILER_APPICON_NAME = AppIcon;
				ASSETCATALOG_COMPILER_GLOBAL_ACCENT_COLOR_NAME = AccentColor;
				CODE_SIGN_STYLE = Automatic;
				INFOPLIST_FILE = Flix/Info.plist;
				LD_RUNPATH_SEARCH_PATHS = (
					"$(inherited)",
					"@executable_path/Frameworks",
				);
				PRODUCT_BUNDLE_IDENTIFIER = Codepath.Flix;
				PRODUCT_NAME = "$(TARGET_NAME)";
				SWIFT_VERSION = 5.0;
				TARGETED_DEVICE_FAMILY = "1,2";
			};
			name = Debug;
		};
		4AF06DA5251DA857002C0455 /* Release */ = {
			isa = XCBuildConfiguration;
			buildSettings = {
				ASSETCATALOG_COMPILER_APPICON_NAME = AppIcon;
				ASSETCATALOG_COMPILER_GLOBAL_ACCENT_COLOR_NAME = AccentColor;
				CODE_SIGN_STYLE = Automatic;
				INFOPLIST_FILE = Flix/Info.plist;
				LD_RUNPATH_SEARCH_PATHS = (
					"$(inherited)",
					"@executable_path/Frameworks",
				);
				PRODUCT_BUNDLE_IDENTIFIER = Codepath.Flix;
				PRODUCT_NAME = "$(TARGET_NAME)";
				SWIFT_VERSION = 5.0;
				TARGETED_DEVICE_FAMILY = "1,2";
			};
			name = Release;
		};
		4AF06DA7251DA857002C0455 /* Debug */ = {
			isa = XCBuildConfiguration;
			buildSettings = {
				ALWAYS_EMBED_SWIFT_STANDARD_LIBRARIES = YES;
				BUNDLE_LOADER = "$(TEST_HOST)";
				CODE_SIGN_STYLE = Automatic;
				INFOPLIST_FILE = FlixTests/Info.plist;
				IPHONEOS_DEPLOYMENT_TARGET = 14.0;
				LD_RUNPATH_SEARCH_PATHS = (
					"$(inherited)",
					"@executable_path/Frameworks",
					"@loader_path/Frameworks",
				);
				PRODUCT_BUNDLE_IDENTIFIER = Codepath.FlixTests;
				PRODUCT_NAME = "$(TARGET_NAME)";
				SWIFT_VERSION = 5.0;
				TARGETED_DEVICE_FAMILY = "1,2";
				TEST_HOST = "$(BUILT_PRODUCTS_DIR)/Flix.app/Flix";
			};
			name = Debug;
		};
		4AF06DA8251DA857002C0455 /* Release */ = {
			isa = XCBuildConfiguration;
			buildSettings = {
				ALWAYS_EMBED_SWIFT_STANDARD_LIBRARIES = YES;
				BUNDLE_LOADER = "$(TEST_HOST)";
				CODE_SIGN_STYLE = Automatic;
				INFOPLIST_FILE = FlixTests/Info.plist;
				IPHONEOS_DEPLOYMENT_TARGET = 14.0;
				LD_RUNPATH_SEARCH_PATHS = (
					"$(inherited)",
					"@executable_path/Frameworks",
					"@loader_path/Frameworks",
				);
				PRODUCT_BUNDLE_IDENTIFIER = Codepath.FlixTests;
				PRODUCT_NAME = "$(TARGET_NAME)";
				SWIFT_VERSION = 5.0;
				TARGETED_DEVICE_FAMILY = "1,2";
				TEST_HOST = "$(BUILT_PRODUCTS_DIR)/Flix.app/Flix";
			};
			name = Release;
		};
		4AF06DAA251DA857002C0455 /* Debug */ = {
			isa = XCBuildConfiguration;
			buildSettings = {
				ALWAYS_EMBED_SWIFT_STANDARD_LIBRARIES = YES;
				CODE_SIGN_STYLE = Automatic;
				INFOPLIST_FILE = FlixUITests/Info.plist;
				LD_RUNPATH_SEARCH_PATHS = (
					"$(inherited)",
					"@executable_path/Frameworks",
					"@loader_path/Frameworks",
				);
				PRODUCT_BUNDLE_IDENTIFIER = Codepath.FlixUITests;
				PRODUCT_NAME = "$(TARGET_NAME)";
				SWIFT_VERSION = 5.0;
				TARGETED_DEVICE_FAMILY = "1,2";
				TEST_TARGET_NAME = Flix;
			};
			name = Debug;
		};
		4AF06DAB251DA857002C0455 /* Release */ = {
			isa = XCBuildConfiguration;
			buildSettings = {
				ALWAYS_EMBED_SWIFT_STANDARD_LIBRARIES = YES;
				CODE_SIGN_STYLE = Automatic;
				INFOPLIST_FILE = FlixUITests/Info.plist;
				LD_RUNPATH_SEARCH_PATHS = (
					"$(inherited)",
					"@executable_path/Frameworks",
					"@loader_path/Frameworks",
				);
				PRODUCT_BUNDLE_IDENTIFIER = Codepath.FlixUITests;
				PRODUCT_NAME = "$(TARGET_NAME)";
				SWIFT_VERSION = 5.0;
				TARGETED_DEVICE_FAMILY = "1,2";
				TEST_TARGET_NAME = Flix;
			};
			name = Release;
		};
/* End XCBuildConfiguration section */

/* Begin XCConfigurationList section */
		4AF06D74251DA853002C0455 /* Build configuration list for PBXProject "Flix" */ = {
			isa = XCConfigurationList;
			buildConfigurations = (
				4AF06DA1251DA857002C0455 /* Debug */,
				4AF06DA2251DA857002C0455 /* Release */,
			);
			defaultConfigurationIsVisible = 0;
			defaultConfigurationName = Release;
		};
		4AF06DA3251DA857002C0455 /* Build configuration list for PBXNativeTarget "Flix" */ = {
			isa = XCConfigurationList;
			buildConfigurations = (
				4AF06DA4251DA857002C0455 /* Debug */,
				4AF06DA5251DA857002C0455 /* Release */,
			);
			defaultConfigurationIsVisible = 0;
			defaultConfigurationName = Release;
		};
		4AF06DA6251DA857002C0455 /* Build configuration list for PBXNativeTarget "FlixTests" */ = {
			isa = XCConfigurationList;
			buildConfigurations = (
				4AF06DA7251DA857002C0455 /* Debug */,
				4AF06DA8251DA857002C0455 /* Release */,
			);
			defaultConfigurationIsVisible = 0;
			defaultConfigurationName = Release;
		};
		4AF06DA9251DA857002C0455 /* Build configuration list for PBXNativeTarget "FlixUITests" */ = {
			isa = XCConfigurationList;
			buildConfigurations = (
				4AF06DAA251DA857002C0455 /* Debug */,
				4AF06DAB251DA857002C0455 /* Release */,
			);
			defaultConfigurationIsVisible = 0;
			defaultConfigurationName = Release;
		};
/* End XCConfigurationList section */
	};
	rootObject = 4AF06D71251DA853002C0455 /* Project object */;
}
